
Microsoft Visual Studio Solution File, Format Version 12.00
# Visual Studio Version 16
VisualStudioVersion = 16.0.30907.101
MinimumVisualStudioVersion = 10.0.40219.1
Project("{FAE04EC0-301F-11D3-BF4B-00C04F79EFBC}") = "MultithreadingSample", "MultithreadingSample\MultithreadingSample.csproj", "{EC9E8CD7-8C5B-4C6A-AE1A-EEA71630DDAF}"
EndProject
Global
	GlobalSection(SolutionConfigurationPlatforms) = preSolution
		Debug|Any CPU = Debug|Any CPU
		Release|Any CPU = Release|Any CPU
	EndGlobalSection
	GlobalSection(ProjectConfigurationPlatforms) = postSolution
		{EC9E8CD7-8C5B-4C6A-AE1A-EEA71630DDAF}.Debug|Any CPU.ActiveCfg = Debug|Any CPU
		{EC9E8CD7-8C5B-4C6A-AE1A-EEA71630DDAF}.Debug|Any CPU.Build.0 = Debug|Any CPU
		{EC9E8CD7-8C5B-4C6A-AE1A-EEA71630DDAF}.Release|Any CPU.ActiveCfg = Release|Any CPU
		{EC9E8CD7-8C5B-4C6A-AE1A-EEA71630DDAF}.Release|Any CPU.Build.0 = Release|Any CPU
	EndGlobalSection
	GlobalSection(SolutionProperties) = preSolution
		HideSolutionNode = FALSE
	EndGlobalSection
	GlobalSection(ExtensibilityGlobals) = postSolution
		SolutionGuid = {B7FD9D43-38D0-4E80-BE94-46863599E4FF}
	EndGlobalSection
EndGlobal
