
Microsoft Visual Studio Solution File, Format Version 12.00
# Visual Studio Version 16
VisualStudioVersion = 16.0.30907.101
MinimumVisualStudioVersion = 10.0.40219.1
Project("{FAE04EC0-301F-11D3-BF4B-00C04F79EFBC}") = "ThreadStartSample", "ThreadStartSample\ThreadStartSample.csproj", "{F4DDAB4D-D4F7-4652-8756-35BA91FFBF36}"
EndProject
Global
	GlobalSection(SolutionConfigurationPlatforms) = preSolution
		Debug|Any CPU = Debug|Any CPU
		Release|Any CPU = Release|Any CPU
	EndGlobalSection
	GlobalSection(ProjectConfigurationPlatforms) = postSolution
		{F4DDAB4D-D4F7-4652-8756-35BA91FFBF36}.Debug|Any CPU.ActiveCfg = Debug|Any CPU
		{F4DDAB4D-D4F7-4652-8756-35BA91FFBF36}.Debug|Any CPU.Build.0 = Debug|Any CPU
		{F4DDAB4D-D4F7-4652-8756-35BA91FFBF36}.Release|Any CPU.ActiveCfg = Release|Any CPU
		{F4DDAB4D-D4F7-4652-8756-35BA91FFBF36}.Release|Any CPU.Build.0 = Release|Any CPU
	EndGlobalSection
	GlobalSection(SolutionProperties) = preSolution
		HideSolutionNode = FALSE
	EndGlobalSection
	GlobalSection(ExtensibilityGlobals) = postSolution
		SolutionGuid = {CA5B4662-5B00-4A6B-B02D-7C2B4B239D2B}
	EndGlobalSection
EndGlobal
